
Microsoft Visual Studio Solution File, Format Version 12.00
# Visual Studio Version 16
VisualStudioVersion = 16.0.30907.101
MinimumVisualStudioVersion = 10.0.40219.1
Project("{8BC9CEB8-8B4A-11D0-8D11-00A0C91BC942}") = "PA1", "PA1\PA1.vcxproj", "{9F9D5873-2E4B-4F5C-97E7-8BE8C63FBCF0}"
EndProject
Global
	GlobalSection(SolutionConfigurationPlatforms) = preSolution
		Debug|x64 = Debug|x64
		Debug|x86 = Debug|x86
		Release|x64 = Release|x64
		Release|x86 = Release|x86
	EndGlobalSection
	GlobalSection(ProjectConfigurationPlatforms) = postSolution
		{9F9D5873-2E4B-4F5C-97E7-8BE8C63FBCF0}.Debug|x64.ActiveCfg = Debug|x64
		{9F9D5873-2E4B-4F5C-97E7-8BE8C63FBCF0}.Debug|x64.Build.0 = Debug|x64
		{9F9D5873-2E4B-4F5C-97E7-8BE8C63FBCF0}.Debug|x86.ActiveCfg = Debug|Win32
		{9F9D5873-2E4B-4F5C-97E7-8BE8C63FBCF0}.Debug|x86.Build.0 = Debug|Win32
		{9F9D5873-2E4B-4F5C-97E7-8BE8C63FBCF0}.Release|x64.ActiveCfg = Release|x64
		{9F9D5873-2E4B-4F5C-97E7-8BE8C63FBCF0}.Release|x64.Build.0 = Release|x64
		{9F9D5873-2E4B-4F5C-97E7-8BE8C63FBCF0}.Release|x86.ActiveCfg = Release|Win32
		{9F9D5873-2E4B-4F5C-97E7-8BE8C63FBCF0}.Release|x86.Build.0 = Release|Win32
	EndGlobalSection
	GlobalSection(SolutionProperties) = preSolution
		HideSolutionNode = FALSE
	EndGlobalSection
	GlobalSection(ExtensibilityGlobals) = postSolution
		SolutionGuid = {0476631E-6788-4C3D-B097-C39B1F9BDF5A}
	EndGlobalSection
EndGlobal
